<?xml version="1.0" encoding="UTF-8" standalone="yes" ?>
<CodeBlocks_project_file>
	<FileVersion major="1" minor="6" />
	<Project>
		<Option title="Development" />
		<Option pch_mode="2" />
		<Option compiler="gcc_48" />
		<Build>
			<Target title="Debug">
				<Option output="bin/Debug/Development" prefix_auto="1" extension_auto="1" />
				<Option object_output="obj/Debug/" />
				<Option type="1" />
				<Option compiler="gcc_48" />
				<Compiler>
					<Add option="-g" />
				</Compiler>
			</Target>
			<Target title="Release">
				<Option output="bin/Release/Development" prefix_auto="1" extension_auto="1" />
				<Option object_output="obj/Release/" />
				<Option type="1" />
				<Option compiler="gcc_48" />
				<Compiler>
					<Add option="-O2" />
				</Compiler>
				<Linker>
					<Add option="-s" />
				</Linker>
			</Target>
		</Build>
		<Compiler>
			<Add option="-Wall" />
			<Add directory="C:/Projects/Creatio/Src" />
			<Add directory="C:/Applications/glm" />
			<Add directory="C:/Applications/tinyxml2" />
			<Add directory="C:/Applications/SDL2-2.0.3/x86_64-w64-mingw32/include/SDL2" />
			<Add directory="C:/Applications/SDL2_image-2.0.0/x86_64-w64-mingw32/include/SDL2" />
		</Compiler>
		<Linker>
			<Add option="-lmingw32" />
			<Add option="-lSDL2main" />
			<Add option="-lSDL2" />
			<Add option="-lSDL2_image" />
			<Add option="-lopengl32" />
			<Add option="-lglu32" />
			<Add option="-lglew32" />
			<Add option="-lglew32mx" />
			<Add directory="C:/Applications/SDL2-2.0.3/x86_64-w64-mingw32/lib" />
			<Add directory="C:/Applications/SDL2_image-2.0.0/x86_64-w64-mingw32/lib" />
		</Linker>
		<Unit filename="../Src/Engine/AI/Ai.h" />
		<Unit filename="../Src/Engine/Audio/Audio.h" />
		<Unit filename="../Src/Engine/Core/Component.h" />
		<Unit filename="../Src/Engine/Core/Core.cpp" />
		<Unit filename="../Src/Engine/Core/Core.h" />
		<Unit filename="../Src/Engine/Core/Entity.cpp" />
		<Unit filename="../Src/Engine/Core/Entity.h" />
		<Unit filename="../Src/Engine/Core/Manager.cpp" />
		<Unit filename="../Src/Engine/Core/Manager.h" />
		<Unit filename="../Src/Engine/Core/System.cpp" />
		<Unit filename="../Src/Engine/Core/System.h" />
		<Unit filename="../Src/Engine/Core/World.h" />
		<Unit filename="../Src/Engine/Input/Input.h" />
		<Unit filename="../Src/Engine/Physics/Physics.h" />
		<Unit filename="../Src/Engine/Renderer/Logging.cpp" />
		<Unit filename="../Src/Engine/Renderer/Logging.h" />
		<Unit filename="../Src/Engine/Renderer/Pipeline.cpp" />
		<Unit filename="../Src/Engine/Renderer/Pipeline.h" />
		<Unit filename="../Src/Engine/Renderer/Renderer.cpp" />
		<Unit filename="../Src/Engine/Renderer/Renderer.h" />
		<Unit filename="../Src/Engine/Renderer/ShaderManager.cpp" />
		<Unit filename="../Src/Engine/Renderer/ShaderManager.h" />
		<Unit filename="../Src/Game/Game.cpp" />
		<Unit filename="../Src/Game/Game.h" />
		<Unit filename="../Src/Graphics/Geometry.h" />
		<Unit filename="../Src/Graphics/Mesh.h" />
		<Unit filename="../Src/Graphics/Texture.h" />
		<Unit filename="../Src/Graphics/Vertex.h" />
		<Unit filename="../Src/Utility/Utility.cpp" />
		<Unit filename="../Src/Utility/Utility.h" />
		<Unit filename="Basic.fs" />
		<Unit filename="Basic.vs" />
		<Unit filename="Main.cpp" />
		<Extensions>
			<code_completion />
			<envvars />
			<debugger />
			<lib_finder disable_auto="1" />
		</Extensions>
	</Project>
</CodeBlocks_project_file>
