<?xml version="1.0" encoding="UTF-8" standalone="yes" ?>
<CodeBlocks_project_file>
	<FileVersion major="1" minor="6" />
	<Project>
		<Option title="Editor" />
		<Option pch_mode="2" />
		<Option compiler="gcc_481" />
		<Build>
			<Target title="Debug">
				<Option output="bin/Debug/Editor" prefix_auto="1" extension_auto="1" />
				<Option object_output="obj/Debug/" />
				<Option type="1" />
				<Option compiler="gcc_481" />
				<Compiler>
					<Add option="-g" />
				</Compiler>
			</Target>
			<Target title="Release">
				<Option output="bin/Release/Editor" prefix_auto="1" extension_auto="1" />
				<Option object_output="obj/Release/" />
				<Option type="1" />
				<Option compiler="gcc_481" />
				<Compiler>
					<Add option="-O2" />
				</Compiler>
				<Linker>
					<Add option="-s" />
				</Linker>
			</Target>
		</Build>
		<Compiler>
			<Add option="-Wall" />
			<Add directory="C:/Projects/Creatio/Include" />
			<Add directory="C:/Applications/SDL2-2.0.3/x86_64-w64-mingw32/include/SDL2" />
			<Add directory="C:/Applications/SDL2_image-2.0.0/x86_64-w64-mingw32/include/SDL2" />
		</Compiler>
		<Linker>
			<Add option="-lmingw32" />
			<Add option="-lSDL2main" />
			<Add option="-lSDL2" />
			<Add option="-lSDL2_image" />
			<Add directory="C:/Applications/SDL2-2.0.3/x86_64-w64-mingw32/lib" />
			<Add directory="C:/Applications/SDL2_image-2.0.0/x86_64-w64-mingw32/lib" />
		</Linker>
		<Unit filename="../Include/Engine/Core/Component.h" />
		<Unit filename="../Include/Engine/Core/Core.cpp" />
		<Unit filename="../Include/Engine/Core/Core.h" />
		<Unit filename="../Include/Engine/Core/Entity.cpp" />
		<Unit filename="../Include/Engine/Core/Entity.h" />
		<Unit filename="../Include/Engine/Core/World.h" />
		<Unit filename="../Include/Engine/Event/Event.cpp" />
		<Unit filename="../Include/Engine/Event/Event.h" />
		<Unit filename="../Include/Engine/Renderer/Renderer.cpp" />
		<Unit filename="../Include/Engine/Renderer/Renderer.h" />
		<Unit filename="../Include/Loader/Loader.cpp" />
		<Unit filename="../Include/Loader/Loader.h" />
		<Unit filename="../Include/Manager/Texture/Texture.cpp" />
		<Unit filename="../Include/Manager/Texture/Texture.h" />
		<Unit filename="../Include/Utility/Exception.h" />
		<Unit filename="../Include/Utility/Utility.cpp" />
		<Unit filename="../Include/Utility/Utility.h" />
		<Unit filename="main.cpp" />
		<Extensions>
			<code_completion />
			<envvars />
			<debugger />
			<lib_finder disable_auto="1" />
		</Extensions>
	</Project>
</CodeBlocks_project_file>
